
Microsoft Visual Studio Solution File, Format Version 12.00
# Visual Studio Version 17
VisualStudioVersion = 17.1.32210.238
MinimumVisualStudioVersion = 10.0.40219.1
Project("{FAE04EC0-301F-11D3-BF4B-00C04F79EFBC}") = "ConsoleApp1", "ConsoleApp1\ConsoleApp1.csproj", "{90FC9CC4-29F1-4624-9702-B6D886B42C6C}"
EndProject
Global
	GlobalSection(SolutionConfigurationPlatforms) = preSolution
		Debug|Any CPU = Debug|Any CPU
		Release|Any CPU = Release|Any CPU
	EndGlobalSection
	GlobalSection(ProjectConfigurationPlatforms) = postSolution
		{90FC9CC4-29F1-4624-9702-B6D886B42C6C}.Debug|Any CPU.ActiveCfg = Debug|Any CPU
		{90FC9CC4-29F1-4624-9702-B6D886B42C6C}.Debug|Any CPU.Build.0 = Debug|Any CPU
		{90FC9CC4-29F1-4624-9702-B6D886B42C6C}.Release|Any CPU.ActiveCfg = Release|Any CPU
		{90FC9CC4-29F1-4624-9702-B6D886B42C6C}.Release|Any CPU.Build.0 = Release|Any CPU
	EndGlobalSection
	GlobalSection(SolutionProperties) = preSolution
		HideSolutionNode = FALSE
	EndGlobalSection
	GlobalSection(ExtensibilityGlobals) = postSolution
		SolutionGuid = {2ECFECA5-AC97-41FE-8BA3-1D3AC9F53967}
	EndGlobalSection
EndGlobal
